
Microsoft Visual Studio Solution File, Format Version 12.00
Project("{FAE04EC0-301F-11D3-BF4B-00C04F79EFBC}") = "QnapPhotoDotNet.WebHost", "QnapPhotoDotNet.WebHost\QnapPhotoDotNet.WebHost.csproj", "{E88139CA-4DE9-46F9-BA57-18AE555D6B57}"
EndProject
Project("{FAE04EC0-301F-11D3-BF4B-00C04F79EFBC}") = "QnapPhotoApiDotNet", "QnapPhotoApiDotNet\QnapPhotoApiDotNet.csproj", "{A7ED2A08-D115-4103-A9B6-EA8A765ECB31}"
EndProject
Global
	GlobalSection(SolutionConfigurationPlatforms) = preSolution
		Debug|Any CPU = Debug|Any CPU
		Release|Any CPU = Release|Any CPU
	EndGlobalSection
	GlobalSection(ProjectConfigurationPlatforms) = postSolution
		{E88139CA-4DE9-46F9-BA57-18AE555D6B57}.Debug|Any CPU.ActiveCfg = Debug|Any CPU
		{E88139CA-4DE9-46F9-BA57-18AE555D6B57}.Debug|Any CPU.Build.0 = Debug|Any CPU
		{E88139CA-4DE9-46F9-BA57-18AE555D6B57}.Release|Any CPU.ActiveCfg = Release|Any CPU
		{E88139CA-4DE9-46F9-BA57-18AE555D6B57}.Release|Any CPU.Build.0 = Release|Any CPU
		{A7ED2A08-D115-4103-A9B6-EA8A765ECB31}.Debug|Any CPU.ActiveCfg = Debug|Any CPU
		{A7ED2A08-D115-4103-A9B6-EA8A765ECB31}.Debug|Any CPU.Build.0 = Debug|Any CPU
		{A7ED2A08-D115-4103-A9B6-EA8A765ECB31}.Release|Any CPU.ActiveCfg = Release|Any CPU
		{A7ED2A08-D115-4103-A9B6-EA8A765ECB31}.Release|Any CPU.Build.0 = Release|Any CPU
	EndGlobalSection
EndGlobal
